
Microsoft Visual Studio Solution File, Format Version 12.00
# Visual Studio 15
VisualStudioVersion = 15.0.28010.2048
MinimumVisualStudioVersion = 10.0.40219.1
Project("{FAE04EC0-301F-11D3-BF4B-00C04F79EFBC}") = "RockPaperScissors.Android", "RockPaperScissors\RockPaperScissors.Android\RockPaperScissors.Android.csproj", "{60BCC0D2-F997-4137-87E6-FB731B917718}"
EndProject
Project("{FAE04EC0-301F-11D3-BF4B-00C04F79EFBC}") = "RockPaperScissors.iOS", "RockPaperScissors\RockPaperScissors.iOS\RockPaperScissors.iOS.csproj", "{94F0030F-250E-4B8E-BF0E-B8CF077F7E3C}"
EndProject
Project("{FAE04EC0-301F-11D3-BF4B-00C04F79EFBC}") = "RockPaperScissors", "RockPaperScissors\RockPaperScissors\RockPaperScissors.csproj", "{F2EAF7C2-9C7A-470E-8ADE-AA22631022D4}"
EndProject
Global
	GlobalSection(SolutionConfigurationPlatforms) = preSolution
		Ad-Hoc|Any CPU = Ad-Hoc|Any CPU
		Ad-Hoc|iPhone = Ad-Hoc|iPhone
		Ad-Hoc|iPhoneSimulator = Ad-Hoc|iPhoneSimulator
		AppStore|Any CPU = AppStore|Any CPU
		AppStore|iPhone = AppStore|iPhone
		AppStore|iPhoneSimulator = AppStore|iPhoneSimulator
		Debug|Any CPU = Debug|Any CPU
		Debug|iPhone = Debug|iPhone
		Debug|iPhoneSimulator = Debug|iPhoneSimulator
		Release|Any CPU = Release|Any CPU
		Release|iPhone = Release|iPhone
		Release|iPhoneSimulator = Release|iPhoneSimulator
	EndGlobalSection
	GlobalSection(ProjectConfigurationPlatforms) = postSolution
		{60BCC0D2-F997-4137-87E6-FB731B917718}.Ad-Hoc|Any CPU.ActiveCfg = Release|Any CPU
		{60BCC0D2-F997-4137-87E6-FB731B917718}.Ad-Hoc|Any CPU.Build.0 = Release|Any CPU
		{60BCC0D2-F997-4137-87E6-FB731B917718}.Ad-Hoc|Any CPU.Deploy.0 = Release|Any CPU
		{60BCC0D2-F997-4137-87E6-FB731B917718}.Ad-Hoc|iPhone.ActiveCfg = Release|Any CPU
		{60BCC0D2-F997-4137-87E6-FB731B917718}.Ad-Hoc|iPhone.Build.0 = Release|Any CPU
		{60BCC0D2-F997-4137-87E6-FB731B917718}.Ad-Hoc|iPhone.Deploy.0 = Release|Any CPU
		{60BCC0D2-F997-4137-87E6-FB731B917718}.Ad-Hoc|iPhoneSimulator.ActiveCfg = Release|Any CPU
		{60BCC0D2-F997-4137-87E6-FB731B917718}.Ad-Hoc|iPhoneSimulator.Build.0 = Release|Any CPU
		{60BCC0D2-F997-4137-87E6-FB731B917718}.Ad-Hoc|iPhoneSimulator.Deploy.0 = Release|Any CPU
		{60BCC0D2-F997-4137-87E6-FB731B917718}.AppStore|Any CPU.ActiveCfg = Release|Any CPU
		{60BCC0D2-F997-4137-87E6-FB731B917718}.AppStore|Any CPU.Build.0 = Release|Any CPU
		{60BCC0D2-F997-4137-87E6-FB731B917718}.AppStore|Any CPU.Deploy.0 = Release|Any CPU
		{60BCC0D2-F997-4137-87E6-FB731B917718}.AppStore|iPhone.ActiveCfg = Release|Any CPU
		{60BCC0D2-F997-4137-87E6-FB731B917718}.AppStore|iPhone.Build.0 = Release|Any CPU
		{60BCC0D2-F997-4137-87E6-FB731B917718}.AppStore|iPhone.Deploy.0 = Release|Any CPU
		{60BCC0D2-F997-4137-87E6-FB731B917718}.AppStore|iPhoneSimulator.ActiveCfg = Release|Any CPU
		{60BCC0D2-F997-4137-87E6-FB731B917718}.AppStore|iPhoneSimulator.Build.0 = Release|Any CPU
		{60BCC0D2-F997-4137-87E6-FB731B917718}.AppStore|iPhoneSimulator.Deploy.0 = Release|Any CPU
		{60BCC0D2-F997-4137-87E6-FB731B917718}.Debug|Any CPU.ActiveCfg = Debug|Any CPU
		{60BCC0D2-F997-4137-87E6-FB731B917718}.Debug|Any CPU.Build.0 = Debug|Any CPU
		{60BCC0D2-F997-4137-87E6-FB731B917718}.Debug|Any CPU.Deploy.0 = Debug|Any CPU
		{60BCC0D2-F997-4137-87E6-FB731B917718}.Debug|iPhone.ActiveCfg = Debug|Any CPU
		{60BCC0D2-F997-4137-87E6-FB731B917718}.Debug|iPhone.Build.0 = Debug|Any CPU
		{60BCC0D2-F997-4137-87E6-FB731B917718}.Debug|iPhone.Deploy.0 = Debug|Any CPU
		{60BCC0D2-F997-4137-87E6-FB731B917718}.Debug|iPhoneSimulator.ActiveCfg = Debug|Any CPU
		{60BCC0D2-F997-4137-87E6-FB731B917718}.Debug|iPhoneSimulator.Build.0 = Debug|Any CPU
		{60BCC0D2-F997-4137-87E6-FB731B917718}.Debug|iPhoneSimulator.Deploy.0 = Debug|Any CPU
		{60BCC0D2-F997-4137-87E6-FB731B917718}.Release|Any CPU.ActiveCfg = Release|Any CPU
		{60BCC0D2-F997-4137-87E6-FB731B917718}.Release|Any CPU.Build.0 = Release|Any CPU
		{60BCC0D2-F997-4137-87E6-FB731B917718}.Release|Any CPU.Deploy.0 = Release|Any CPU
		{60BCC0D2-F997-4137-87E6-FB731B917718}.Release|iPhone.ActiveCfg = Release|Any CPU
		{60BCC0D2-F997-4137-87E6-FB731B917718}.Release|iPhone.Build.0 = Release|Any CPU
		{60BCC0D2-F997-4137-87E6-FB731B917718}.Release|iPhone.Deploy.0 = Release|Any CPU
		{60BCC0D2-F997-4137-87E6-FB731B917718}.Release|iPhoneSimulator.ActiveCfg = Release|Any CPU
		{60BCC0D2-F997-4137-87E6-FB731B917718}.Release|iPhoneSimulator.Build.0 = Release|Any CPU
		{60BCC0D2-F997-4137-87E6-FB731B917718}.Release|iPhoneSimulator.Deploy.0 = Release|Any CPU
		{94F0030F-250E-4B8E-BF0E-B8CF077F7E3C}.Ad-Hoc|Any CPU.ActiveCfg = Ad-Hoc|iPhone
		{94F0030F-250E-4B8E-BF0E-B8CF077F7E3C}.Ad-Hoc|Any CPU.Build.0 = Ad-Hoc|iPhone
		{94F0030F-250E-4B8E-BF0E-B8CF077F7E3C}.Ad-Hoc|Any CPU.Deploy.0 = Ad-Hoc|iPhone
		{94F0030F-250E-4B8E-BF0E-B8CF077F7E3C}.Ad-Hoc|iPhone.ActiveCfg = Ad-Hoc|iPhone
		{94F0030F-250E-4B8E-BF0E-B8CF077F7E3C}.Ad-Hoc|iPhone.Build.0 = Ad-Hoc|iPhone
		{94F0030F-250E-4B8E-BF0E-B8CF077F7E3C}.Ad-Hoc|iPhone.Deploy.0 = Ad-Hoc|iPhone
		{94F0030F-250E-4B8E-BF0E-B8CF077F7E3C}.Ad-Hoc|iPhoneSimulator.ActiveCfg = Ad-Hoc|iPhoneSimulator
		{94F0030F-250E-4B8E-BF0E-B8CF077F7E3C}.Ad-Hoc|iPhoneSimulator.Build.0 = Ad-Hoc|iPhoneSimulator
		{94F0030F-250E-4B8E-BF0E-B8CF077F7E3C}.Ad-Hoc|iPhoneSimulator.Deploy.0 = Ad-Hoc|iPhoneSimulator
		{94F0030F-250E-4B8E-BF0E-B8CF077F7E3C}.AppStore|Any CPU.ActiveCfg = AppStore|iPhone
		{94F0030F-250E-4B8E-BF0E-B8CF077F7E3C}.AppStore|Any CPU.Build.0 = AppStore|iPhone
		{94F0030F-250E-4B8E-BF0E-B8CF077F7E3C}.AppStore|Any CPU.Deploy.0 = AppStore|iPhone
		{94F0030F-250E-4B8E-BF0E-B8CF077F7E3C}.AppStore|iPhone.ActiveCfg = AppStore|iPhone
		{94F0030F-250E-4B8E-BF0E-B8CF077F7E3C}.AppStore|iPhone.Build.0 = AppStore|iPhone
		{94F0030F-250E-4B8E-BF0E-B8CF077F7E3C}.AppStore|iPhone.Deploy.0 = AppStore|iPhone
		{94F0030F-250E-4B8E-BF0E-B8CF077F7E3C}.AppStore|iPhoneSimulator.ActiveCfg = AppStore|iPhoneSimulator
		{94F0030F-250E-4B8E-BF0E-B8CF077F7E3C}.AppStore|iPhoneSimulator.Build.0 = AppStore|iPhoneSimulator
		{94F0030F-250E-4B8E-BF0E-B8CF077F7E3C}.AppStore|iPhoneSimulator.Deploy.0 = AppStore|iPhoneSimulator
		{94F0030F-250E-4B8E-BF0E-B8CF077F7E3C}.Debug|Any CPU.ActiveCfg = Debug|iPhoneSimulator
		{94F0030F-250E-4B8E-BF0E-B8CF077F7E3C}.Debug|Any CPU.Build.0 = Debug|iPhoneSimulator
		{94F0030F-250E-4B8E-BF0E-B8CF077F7E3C}.Debug|Any CPU.Deploy.0 = Debug|iPhoneSimulator
		{94F0030F-250E-4B8E-BF0E-B8CF077F7E3C}.Debug|iPhone.ActiveCfg = Debug|iPhone
		{94F0030F-250E-4B8E-BF0E-B8CF077F7E3C}.Debug|iPhone.Build.0 = Debug|iPhone
		{94F0030F-250E-4B8E-BF0E-B8CF077F7E3C}.Debug|iPhone.Deploy.0 = Debug|iPhone
		{94F0030F-250E-4B8E-BF0E-B8CF077F7E3C}.Debug|iPhoneSimulator.ActiveCfg = Debug|iPhoneSimulator
		{94F0030F-250E-4B8E-BF0E-B8CF077F7E3C}.Debug|iPhoneSimulator.Build.0 = Debug|iPhoneSimulator
		{94F0030F-250E-4B8E-BF0E-B8CF077F7E3C}.Debug|iPhoneSimulator.Deploy.0 = Debug|iPhoneSimulator
		{94F0030F-250E-4B8E-BF0E-B8CF077F7E3C}.Release|Any CPU.ActiveCfg = Release|iPhone
		{94F0030F-250E-4B8E-BF0E-B8CF077F7E3C}.Release|Any CPU.Build.0 = Release|iPhone
		{94F0030F-250E-4B8E-BF0E-B8CF077F7E3C}.Release|Any CPU.Deploy.0 = Release|iPhone
		{94F0030F-250E-4B8E-BF0E-B8CF077F7E3C}.Release|iPhone.ActiveCfg = Release|iPhone
		{94F0030F-250E-4B8E-BF0E-B8CF077F7E3C}.Release|iPhone.Build.0 = Release|iPhone
		{94F0030F-250E-4B8E-BF0E-B8CF077F7E3C}.Release|iPhone.Deploy.0 = Release|iPhone
		{94F0030F-250E-4B8E-BF0E-B8CF077F7E3C}.Release|iPhoneSimulator.ActiveCfg = Release|iPhoneSimulator
		{94F0030F-250E-4B8E-BF0E-B8CF077F7E3C}.Release|iPhoneSimulator.Build.0 = Release|iPhoneSimulator
		{94F0030F-250E-4B8E-BF0E-B8CF077F7E3C}.Release|iPhoneSimulator.Deploy.0 = Release|iPhoneSimulator
		{F2EAF7C2-9C7A-470E-8ADE-AA22631022D4}.Ad-Hoc|Any CPU.ActiveCfg = Debug|Any CPU
		{F2EAF7C2-9C7A-470E-8ADE-AA22631022D4}.Ad-Hoc|Any CPU.Build.0 = Debug|Any CPU
		{F2EAF7C2-9C7A-470E-8ADE-AA22631022D4}.Ad-Hoc|Any CPU.Deploy.0 = Debug|Any CPU
		{F2EAF7C2-9C7A-470E-8ADE-AA22631022D4}.Ad-Hoc|iPhone.ActiveCfg = Debug|Any CPU
		{F2EAF7C2-9C7A-470E-8ADE-AA22631022D4}.Ad-Hoc|iPhone.Build.0 = Debug|Any CPU
		{F2EAF7C2-9C7A-470E-8ADE-AA22631022D4}.Ad-Hoc|iPhone.Deploy.0 = Debug|Any CPU
		{F2EAF7C2-9C7A-470E-8ADE-AA22631022D4}.Ad-Hoc|iPhoneSimulator.ActiveCfg = Debug|Any CPU
		{F2EAF7C2-9C7A-470E-8ADE-AA22631022D4}.Ad-Hoc|iPhoneSimulator.Build.0 = Debug|Any CPU
		{F2EAF7C2-9C7A-470E-8ADE-AA22631022D4}.Ad-Hoc|iPhoneSimulator.Deploy.0 = Debug|Any CPU
		{F2EAF7C2-9C7A-470E-8ADE-AA22631022D4}.AppStore|Any CPU.ActiveCfg = Debug|Any CPU
		{F2EAF7C2-9C7A-470E-8ADE-AA22631022D4}.AppStore|Any CPU.Build.0 = Debug|Any CPU
		{F2EAF7C2-9C7A-470E-8ADE-AA22631022D4}.AppStore|Any CPU.Deploy.0 = Debug|Any CPU
		{F2EAF7C2-9C7A-470E-8ADE-AA22631022D4}.AppStore|iPhone.ActiveCfg = Debug|Any CPU
		{F2EAF7C2-9C7A-470E-8ADE-AA22631022D4}.AppStore|iPhone.Build.0 = Debug|Any CPU
		{F2EAF7C2-9C7A-470E-8ADE-AA22631022D4}.AppStore|iPhone.Deploy.0 = Debug|Any CPU
		{F2EAF7C2-9C7A-470E-8ADE-AA22631022D4}.AppStore|iPhoneSimulator.ActiveCfg = Debug|Any CPU
		{F2EAF7C2-9C7A-470E-8ADE-AA22631022D4}.AppStore|iPhoneSimulator.Build.0 = Debug|Any CPU
		{F2EAF7C2-9C7A-470E-8ADE-AA22631022D4}.AppStore|iPhoneSimulator.Deploy.0 = Debug|Any CPU
		{F2EAF7C2-9C7A-470E-8ADE-AA22631022D4}.Debug|Any CPU.ActiveCfg = Debug|Any CPU
		{F2EAF7C2-9C7A-470E-8ADE-AA22631022D4}.Debug|Any CPU.Build.0 = Debug|Any CPU
		{F2EAF7C2-9C7A-470E-8ADE-AA22631022D4}.Debug|Any CPU.Deploy.0 = Debug|Any CPU
		{F2EAF7C2-9C7A-470E-8ADE-AA22631022D4}.Debug|iPhone.ActiveCfg = Debug|Any CPU
		{F2EAF7C2-9C7A-470E-8ADE-AA22631022D4}.Debug|iPhone.Build.0 = Debug|Any CPU
		{F2EAF7C2-9C7A-470E-8ADE-AA22631022D4}.Debug|iPhone.Deploy.0 = Debug|Any CPU
		{F2EAF7C2-9C7A-470E-8ADE-AA22631022D4}.Debug|iPhoneSimulator.ActiveCfg = Debug|Any CPU
		{F2EAF7C2-9C7A-470E-8ADE-AA22631022D4}.Debug|iPhoneSimulator.Build.0 = Debug|Any CPU
		{F2EAF7C2-9C7A-470E-8ADE-AA22631022D4}.Debug|iPhoneSimulator.Deploy.0 = Debug|Any CPU
		{F2EAF7C2-9C7A-470E-8ADE-AA22631022D4}.Release|Any CPU.ActiveCfg = Release|Any CPU
		{F2EAF7C2-9C7A-470E-8ADE-AA22631022D4}.Release|Any CPU.Build.0 = Release|Any CPU
		{F2EAF7C2-9C7A-470E-8ADE-AA22631022D4}.Release|Any CPU.Deploy.0 = Release|Any CPU
		{F2EAF7C2-9C7A-470E-8ADE-AA22631022D4}.Release|iPhone.ActiveCfg = Release|Any CPU
		{F2EAF7C2-9C7A-470E-8ADE-AA22631022D4}.Release|iPhone.Build.0 = Release|Any CPU
		{F2EAF7C2-9C7A-470E-8ADE-AA22631022D4}.Release|iPhone.Deploy.0 = Release|Any CPU
		{F2EAF7C2-9C7A-470E-8ADE-AA22631022D4}.Release|iPhoneSimulator.ActiveCfg = Release|Any CPU
		{F2EAF7C2-9C7A-470E-8ADE-AA22631022D4}.Release|iPhoneSimulator.Build.0 = Release|Any CPU
		{F2EAF7C2-9C7A-470E-8ADE-AA22631022D4}.Release|iPhoneSimulator.Deploy.0 = Release|Any CPU
	EndGlobalSection
	GlobalSection(SolutionProperties) = preSolution
		HideSolutionNode = FALSE
	EndGlobalSection
	GlobalSection(ExtensibilityGlobals) = postSolution
		SolutionGuid = {EEE9B4A6-C3EA-4932-8937-0885459C5F62}
	EndGlobalSection
EndGlobal
